
Microsoft Visual Studio Solution File, Format Version 12.00
# Visual Studio Version 17
VisualStudioVersion = 17.3.32929.385
MinimumVisualStudioVersion = 10.0.40219.1
Project("{9A19103F-16F7-4668-BE54-9A1E7A4F7556}") = "PruebaTenica.Server", "PruebaTenica\Server\PruebaTenica.Server.csproj", "{AF91ABAA-50A4-4B8D-9A68-9046F676B1FA}"
EndProject
Project("{9A19103F-16F7-4668-BE54-9A1E7A4F7556}") = "PruebaTenica.Client", "PruebaTenica\Client\PruebaTenica.Client.csproj", "{F317F409-B8E3-41F0-BBC1-CADC0A4DE116}"
EndProject
Project("{9A19103F-16F7-4668-BE54-9A1E7A4F7556}") = "PruebaTenica.Shared", "PruebaTenica\Shared\PruebaTenica.Shared.csproj", "{6BA41717-EFC4-496B-A82E-355BB8C46D2B}"
EndProject
Global
	GlobalSection(SolutionConfigurationPlatforms) = preSolution
		Debug|Any CPU = Debug|Any CPU
		Release|Any CPU = Release|Any CPU
	EndGlobalSection
	GlobalSection(ProjectConfigurationPlatforms) = postSolution
		{AF91ABAA-50A4-4B8D-9A68-9046F676B1FA}.Debug|Any CPU.ActiveCfg = Debug|Any CPU
		{AF91ABAA-50A4-4B8D-9A68-9046F676B1FA}.Debug|Any CPU.Build.0 = Debug|Any CPU
		{AF91ABAA-50A4-4B8D-9A68-9046F676B1FA}.Release|Any CPU.ActiveCfg = Release|Any CPU
		{AF91ABAA-50A4-4B8D-9A68-9046F676B1FA}.Release|Any CPU.Build.0 = Release|Any CPU
		{F317F409-B8E3-41F0-BBC1-CADC0A4DE116}.Debug|Any CPU.ActiveCfg = Debug|Any CPU
		{F317F409-B8E3-41F0-BBC1-CADC0A4DE116}.Debug|Any CPU.Build.0 = Debug|Any CPU
		{F317F409-B8E3-41F0-BBC1-CADC0A4DE116}.Release|Any CPU.ActiveCfg = Release|Any CPU
		{F317F409-B8E3-41F0-BBC1-CADC0A4DE116}.Release|Any CPU.Build.0 = Release|Any CPU
		{6BA41717-EFC4-496B-A82E-355BB8C46D2B}.Debug|Any CPU.ActiveCfg = Debug|Any CPU
		{6BA41717-EFC4-496B-A82E-355BB8C46D2B}.Debug|Any CPU.Build.0 = Debug|Any CPU
		{6BA41717-EFC4-496B-A82E-355BB8C46D2B}.Release|Any CPU.ActiveCfg = Release|Any CPU
		{6BA41717-EFC4-496B-A82E-355BB8C46D2B}.Release|Any CPU.Build.0 = Release|Any CPU
	EndGlobalSection
	GlobalSection(SolutionProperties) = preSolution
		HideSolutionNode = FALSE
	EndGlobalSection
	GlobalSection(ExtensibilityGlobals) = postSolution
		SolutionGuid = {1482D321-DE46-4082-A79D-BC5F54D8B4C7}
	EndGlobalSection
EndGlobal
